github.com/catalinc/hashcash v0.0.0-20220723060415-5e3ec3e24f67 h1:fz1wNIGLjuN+0PGJa8K4dwdM8J+3C3zS++VlT/sKF14=
github.com/catalinc/hashcash v0.0.0-20220723060415-5e3ec3e24f67/go.mod h1:ldWL6buwYCK4VqIkLbZuFbGUoJceSafm8duCEQYw9Jw=
github.com/mattn/go-sqlite3 v1.14.17 h1:mCRHCLDUBXgpKAqIKsaAaAsrAlbkeomtRFKXh2L6YIM=
github.com/mattn/go-sqlite3 v1.14.17/go.mod h1:2eHXhiwb8IkHr+BDWZGa96P6+rkvnG63S2DGjv9HUNg=
